
Microsoft Visual Studio Solution File, Format Version 12.00
# Visual Studio Version 17
VisualStudioVersion = 17.4.33205.214
MinimumVisualStudioVersion = 10.0.40219.1
Project("{9A19103F-16F7-4668-BE54-9A1E7A4F7556}") = "ProductCURD01", "ProductCURD01\ProductCURD01.csproj", "{7E0D47A4-9D1F-4F26-859D-B78B3D383107}"
EndProject
Global
	GlobalSection(SolutionConfigurationPlatforms) = preSolution
		Debug|Any CPU = Debug|Any CPU
		Release|Any CPU = Release|Any CPU
	EndGlobalSection
	GlobalSection(ProjectConfigurationPlatforms) = postSolution
		{7E0D47A4-9D1F-4F26-859D-B78B3D383107}.Debug|Any CPU.ActiveCfg = Debug|Any CPU
		{7E0D47A4-9D1F-4F26-859D-B78B3D383107}.Debug|Any CPU.Build.0 = Debug|Any CPU
		{7E0D47A4-9D1F-4F26-859D-B78B3D383107}.Release|Any CPU.ActiveCfg = Release|Any CPU
		{7E0D47A4-9D1F-4F26-859D-B78B3D383107}.Release|Any CPU.Build.0 = Release|Any CPU
	EndGlobalSection
	GlobalSection(SolutionProperties) = preSolution
		HideSolutionNode = FALSE
	EndGlobalSection
	GlobalSection(ExtensibilityGlobals) = postSolution
		SolutionGuid = {B49A36EA-E732-4F4B-B18F-83C65D823427}
	EndGlobalSection
EndGlobal
