
Microsoft Visual Studio Solution File, Format Version 12.00
# Visual Studio Version 17
VisualStudioVersion = 17.4.33213.308
MinimumVisualStudioVersion = 10.0.40219.1
Project("{FAE04EC0-301F-11D3-BF4B-00C04F79EFBC}") = "DataBinding3", "ExampleCode\DataBinding3.csproj", "{C1856DFE-A372-4C4E-8E7C-AC343E049344}"
EndProject
Project("{FAE04EC0-301F-11D3-BF4B-00C04F79EFBC}") = "MVVMDemo", "MVVMDemo\MVVMDemo.csproj", "{50A86926-6483-430D-AA63-4E128B0C40CB}"
EndProject
Global
	GlobalSection(SolutionConfigurationPlatforms) = preSolution
		Debug|Any CPU = Debug|Any CPU
		Release|Any CPU = Release|Any CPU
	EndGlobalSection
	GlobalSection(ProjectConfigurationPlatforms) = postSolution
		{C1856DFE-A372-4C4E-8E7C-AC343E049344}.Debug|Any CPU.ActiveCfg = Debug|Any CPU
		{C1856DFE-A372-4C4E-8E7C-AC343E049344}.Debug|Any CPU.Build.0 = Debug|Any CPU
		{C1856DFE-A372-4C4E-8E7C-AC343E049344}.Release|Any CPU.ActiveCfg = Release|Any CPU
		{C1856DFE-A372-4C4E-8E7C-AC343E049344}.Release|Any CPU.Build.0 = Release|Any CPU
		{50A86926-6483-430D-AA63-4E128B0C40CB}.Debug|Any CPU.ActiveCfg = Debug|Any CPU
		{50A86926-6483-430D-AA63-4E128B0C40CB}.Debug|Any CPU.Build.0 = Debug|Any CPU
		{50A86926-6483-430D-AA63-4E128B0C40CB}.Release|Any CPU.ActiveCfg = Release|Any CPU
		{50A86926-6483-430D-AA63-4E128B0C40CB}.Release|Any CPU.Build.0 = Release|Any CPU
	EndGlobalSection
	GlobalSection(SolutionProperties) = preSolution
		HideSolutionNode = FALSE
	EndGlobalSection
	GlobalSection(ExtensibilityGlobals) = postSolution
		SolutionGuid = {D523F32F-3178-43A2-88E1-EB6F4841D0BB}
	EndGlobalSection
EndGlobal
